
Microsoft Visual Studio Solution File, Format Version 12.00
# Visual Studio 15
VisualStudioVersion = 15.0.27428.2037
MinimumVisualStudioVersion = 10.0.40219.1
Project("{FAE04EC0-301F-11D3-BF4B-00C04F79EFBC}") = "RANv1", "RANv1\RANv1.csproj", "{C7149D7D-883C-4E6D-8C88-2A9E7F4AE024}"
EndProject
Global
	GlobalSection(SolutionConfigurationPlatforms) = preSolution
		Debug|Any CPU = Debug|Any CPU
		Release|Any CPU = Release|Any CPU
	EndGlobalSection
	GlobalSection(ProjectConfigurationPlatforms) = postSolution
		{C7149D7D-883C-4E6D-8C88-2A9E7F4AE024}.Debug|Any CPU.ActiveCfg = Debug|Any CPU
		{C7149D7D-883C-4E6D-8C88-2A9E7F4AE024}.Debug|Any CPU.Build.0 = Debug|Any CPU
		{C7149D7D-883C-4E6D-8C88-2A9E7F4AE024}.Release|Any CPU.ActiveCfg = Release|Any CPU
		{C7149D7D-883C-4E6D-8C88-2A9E7F4AE024}.Release|Any CPU.Build.0 = Release|Any CPU
	EndGlobalSection
	GlobalSection(SolutionProperties) = preSolution
		HideSolutionNode = FALSE
	EndGlobalSection
	GlobalSection(ExtensibilityGlobals) = postSolution
		SolutionGuid = {2FC2F5AE-A33B-42B8-91D9-A8EFB015B995}
	EndGlobalSection
EndGlobal
